
Microsoft Visual Studio Solution File, Format Version 12.00
# Visual Studio Version 16
VisualStudioVersion = 16.0.31613.86
MinimumVisualStudioVersion = 10.0.40219.1
Project("{9A19103F-16F7-4668-BE54-9A1E7A4F7556}") = "ClickupInterface", "ClickupInterface\ClickupInterface.csproj", "{82871580-676A-47DB-AF33-751884EA31D4}"
EndProject
Project("{9A19103F-16F7-4668-BE54-9A1E7A4F7556}") = "ClickupExportAPI", "ClickupExportAPI\ClickupExportAPI.csproj", "{08E204AF-A54A-4219-99B7-BE829FB761EF}"
EndProject
Global
	GlobalSection(SolutionConfigurationPlatforms) = preSolution
		Debug|Any CPU = Debug|Any CPU
		Release|Any CPU = Release|Any CPU
	EndGlobalSection
	GlobalSection(ProjectConfigurationPlatforms) = postSolution
		{82871580-676A-47DB-AF33-751884EA31D4}.Debug|Any CPU.ActiveCfg = Debug|Any CPU
		{82871580-676A-47DB-AF33-751884EA31D4}.Debug|Any CPU.Build.0 = Debug|Any CPU
		{82871580-676A-47DB-AF33-751884EA31D4}.Release|Any CPU.ActiveCfg = Release|Any CPU
		{82871580-676A-47DB-AF33-751884EA31D4}.Release|Any CPU.Build.0 = Release|Any CPU
		{08E204AF-A54A-4219-99B7-BE829FB761EF}.Debug|Any CPU.ActiveCfg = Debug|Any CPU
		{08E204AF-A54A-4219-99B7-BE829FB761EF}.Debug|Any CPU.Build.0 = Debug|Any CPU
		{08E204AF-A54A-4219-99B7-BE829FB761EF}.Release|Any CPU.ActiveCfg = Release|Any CPU
		{08E204AF-A54A-4219-99B7-BE829FB761EF}.Release|Any CPU.Build.0 = Release|Any CPU
	EndGlobalSection
	GlobalSection(SolutionProperties) = preSolution
		HideSolutionNode = FALSE
	EndGlobalSection
	GlobalSection(ExtensibilityGlobals) = postSolution
		SolutionGuid = {9E082720-02CC-420C-8338-3A08BF0607AC}
	EndGlobalSection
EndGlobal
